// !$*UTF8*$!
{
	archiveVersion = 1;
	classes = {
	};
	objectVersion = 46;
	objects = {

/* Begin PBXBuildFile section */
		C22D49AF1DA8C41100C2F8E5 /* main.m in Sources */ = {isa = PBXBuildFile; fileRef = C22D49AE1DA8C41100C2F8E5 /* main.m */; };
		C22D49B21DA8C41100C2F8E5 /* AppDelegate.m in Sources */ = {isa = PBXBuildFile; fileRef = C22D49B11DA8C41100C2F8E5 /* AppDelegate.m */; };
		C22D49B51DA8C41100C2F8E5 /* ViewController.m in Sources */ = {isa = PBXBuildFile; fileRef = C22D49B41DA8C41100C2F8E5 /* ViewController.m */; };
		C22D49B81DA8C41100C2F8E5 /* Main.storyboard in Resources */ = {isa = PBXBuildFile; fileRef = C22D49B61DA8C41100C2F8E5 /* Main.storyboard */; };
		C22D49BA1DA8C41100C2F8E5 /* Assets.xcassets in Resources */ = {isa = PBXBuildFile; fileRef = C22D49B91DA8C41100C2F8E5 /* Assets.xcassets */; };
		C22D49BD1DA8C41100C2F8E5 /* LaunchScreen.storyboard in Resources */ = {isa = PBXBuildFile; fileRef = C22D49BB1DA8C41100C2F8E5 /* LaunchScreen.storyboard */; };
		C22D49C71DA8C44100C2F8E5 /* NSString+HMNumberConvert.m in Sources */ = {isa = PBXBuildFile; fileRef = C22D49C61DA8C44100C2F8E5 /* NSString+HMNumberConvert.m */; };
/* End PBXBuildFile section */

/* Begin PBXFileReference section */
		C22D49AA1DA8C41100C2F8E5 /* HMNumberStringConvert.app */ = {isa = PBXFileReference; explicitFileType = wrapper.application; includeInIndex = 0; path = HMNumberStringConvert.app; sourceTree = BUILT_PRODUCTS_DIR; };
		C22D49AE1DA8C41100C2F8E5 /* main.m */ = {isa = PBXFileReference; lastKnownFileType = sourcecode.c.objc; path = main.m; sourceTree = "<group>"; };
		C22D49B01DA8C41100C2F8E5 /* AppDelegate.h */ = {isa = PBXFileReference; lastKnownFileType = sourcecode.c.h; path = AppDelegate.h; sourceTree = "<group>"; };
		C22D49B11DA8C41100C2F8E5 /* AppDelegate.m */ = {isa = PBXFileReference; lastKnownFileType = sourcecode.c.objc; path = AppDelegate.m; sourceTree = "<group>"; };
		C22D49B31DA8C41100C2F8E5 /* ViewController.h */ = {isa = PBXFileReference; lastKnownFileType = sourcecode.c.h; path = ViewController.h; sourceTree = "<group>"; };
		C22D49B41DA8C41100C2F8E5 /* ViewController.m */ = {isa = PBXFileReference; lastKnownFileType = sourcecode.c.objc; path = ViewController.m; sourceTree = "<group>"; };
		C22D49B71DA8C41100C2F8E5 /* Base */ = {isa = PBXFileReference; lastKnownFileType = file.storyboard; name = Base; path = Base.lproj/Main.storyboard; sourceTree = "<group>"; };
		C22D49B91DA8C41100C2F8E5 /* Assets.xcassets */ = {isa = PBXFileReference; lastKnownFileType = folder.assetcatalog; path = Assets.xcassets; sourceTree = "<group>"; };
		C22D49BC1DA8C41100C2F8E5 /* Base */ = {isa = PBXFileReference; lastKnownFileType = file.storyboard; name = Base; path = Base.lproj/LaunchScreen.storyboard; sourceTree = "<group>"; };
		C22D49BE1DA8C41100C2F8E5 /* Info.plist */ = {isa = PBXFileReference; lastKnownFileType = text.plist.xml; path = Info.plist; sourceTree = "<group>"; };
		C22D49C51DA8C44100C2F8E5 /* NSString+HMNumberConvert.h */ = {isa = PBXFileReference; fileEncoding = 4; lastKnownFileType = sourcecode.c.h; path = "NSString+HMNumberConvert.h"; sourceTree = "<group>"; };
		C22D49C61DA8C44100C2F8E5 /* NSString+HMNumberConvert.m */ = {isa = PBXFileReference; fileEncoding = 4; lastKnownFileType = sourcecode.c.objc; path = "NSString+HMNumberConvert.m"; sourceTree = "<group>"; };
/* End PBXFileReference section */

/* Begin PBXFrameworksBuildPhase section */
		C22D49A71DA8C41100C2F8E5 /* Frameworks */ = {
			isa = PBXFrameworksBuildPhase;
			buildActionMask = 2147483647;
			files = (
			);
			runOnlyForDeploymentPostprocessing = 0;
		};
/* End PBXFrameworksBuildPhase section */

/* Begin PBXGroup section */
		C22D49A11DA8C41100C2F8E5 = {
			isa = PBXGroup;
			children = (
				C22D49AC1DA8C41100C2F8E5 /* HMNumberStringConvert */,
				C22D49AB1DA8C41100C2F8E5 /* Products */,
			);
			sourceTree = "<group>";
		};
		C22D49AB1DA8C41100C2F8E5 /* Products */ = {
			isa = PBXGroup;
			children = (
				C22D49AA1DA8C41100C2F8E5 /* HMNumberStringConvert.app */,
			);
			name = Products;
			sourceTree = "<group>";
		};
		C22D49AC1DA8C41100C2F8E5 /* HMNumberStringConvert */ = {
			isa = PBXGroup;
			children = (
				C22D49C41DA8C42B00C2F8E5 /* NumberStringConvert */,
				C22D49B01DA8C41100C2F8E5 /* AppDelegate.h */,
				C22D49B11DA8C41100C2F8E5 /* AppDelegate.m */,
				C22D49B31DA8C41100C2F8E5 /* ViewController.h */,
				C22D49B41DA8C41100C2F8E5 /* ViewController.m */,
				C22D49B61DA8C41100C2F8E5 /* Main.storyboard */,
				C22D49B91DA8C41100C2F8E5 /* Assets.xcassets */,
				C22D49BB1DA8C41100C2F8E5 /* LaunchScreen.storyboard */,
				C22D49BE1DA8C41100C2F8E5 /* Info.plist */,
				C22D49AD1DA8C41100C2F8E5 /* Supporting Files */,
			);
			path = HMNumberStringConvert;
			sourceTree = "<group>";
		};
		C22D49AD1DA8C41100C2F8E5 /* Supporting Files */ = {
			isa = PBXGroup;
			children = (
				C22D49AE1DA8C41100C2F8E5 /* main.m */,
			);
			name = "Supporting Files";
			sourceTree = "<group>";
		};
		C22D49C41DA8C42B00C2F8E5 /* NumberStringConvert */ = {
			isa = PBXGroup;
			children = (
				C22D49C51DA8C44100C2F8E5 /* NSString+HMNumberConvert.h */,
				C22D49C61DA8C44100C2F8E5 /* NSString+HMNumberConvert.m */,
			);
			path = NumberStringConvert;
			sourceTree = "<group>";
		};
/* End PBXGroup section */

/* Begin PBXNativeTarget section */
		C22D49A91DA8C41100C2F8E5 /* HMNumberStringConvert */ = {
			isa = PBXNativeTarget;
			buildConfigurationList = C22D49C11DA8C41100C2F8E5 /* Build configuration list for PBXNativeTarget "HMNumberStringConvert" */;
			buildPhases = (
				C22D49A61DA8C41100C2F8E5 /* Sources */,
				C22D49A71DA8C41100C2F8E5 /* Frameworks */,
				C22D49A81DA8C41100C2F8E5 /* Resources */,
			);
			buildRules = (
			);
			dependencies = (
			);
			name = HMNumberStringConvert;
			productName = HMNumberStringConvert;
			productReference = C22D49AA1DA8C41100C2F8E5 /* HMNumberStringConvert.app */;
			productType = "com.apple.product-type.application";
		};
/* End PBXNativeTarget section */

/* Begin PBXProject section */
		C22D49A21DA8C41100C2F8E5 /* Project object */ = {
			isa = PBXProject;
			attributes = {
				LastUpgradeCheck = 0800;
				ORGANIZATIONNAME = itcast;
				TargetAttributes = {
					C22D49A91DA8C41100C2F8E5 = {
						CreatedOnToolsVersion = 8.0;
						DevelopmentTeam = J9XHDK444E;
						ProvisioningStyle = Automatic;
					};
				};
			};
			buildConfigurationList = C22D49A51DA8C41100C2F8E5 /* Build configuration list for PBXProject "HMNumberStringConvert" */;
			compatibilityVersion = "Xcode 3.2";
			developmentRegion = English;
			hasScannedForEncodings = 0;
			knownRegions = (
				en,
				Base,
			);
			mainGroup = C22D49A11DA8C41100C2F8E5;
			productRefGroup = C22D49AB1DA8C41100C2F8E5 /* Products */;
			projectDirPath = "";
			projectRoot = "";
			targets = (
				C22D49A91DA8C41100C2F8E5 /* HMNumberStringConvert */,
			);
		};
/* End PBXProject section */

/* Begin PBXResourcesBuildPhase section */
		C22D49A81DA8C41100C2F8E5 /* Resources */ = {
			isa = PBXResourcesBuildPhase;
			buildActionMask = 2147483647;
			files = (
				C22D49BD1DA8C41100C2F8E5 /* LaunchScreen.storyboard in Resources */,
				C22D49BA1DA8C41100C2F8E5 /* Assets.xcassets in Resources */,
				C22D49B81DA8C41100C2F8E5 /* Main.storyboard in Resources */,
			);
			runOnlyForDeploymentPostprocessing = 0;
		};
/* End PBXResourcesBuildPhase section */

/* Begin PBXSourcesBuildPhase section */
		C22D49A61DA8C41100C2F8E5 /* Sources */ = {
			isa = PBXSourcesBuildPhase;
			buildActionMask = 2147483647;
			files = (
				C22D49B51DA8C41100C2F8E5 /* ViewController.m in Sources */,
				C22D49B21DA8C41100C2F8E5 /* AppDelegate.m in Sources */,
				C22D49AF1DA8C41100C2F8E5 /* main.m in Sources */,
				C22D49C71DA8C44100C2F8E5 /* NSString+HMNumberConvert.m in Sources */,
			);
			runOnlyForDeploymentPostprocessing = 0;
		};
/* End PBXSourcesBuildPhase section */

/* Begin PBXVariantGroup section */
		C22D49B61DA8C41100C2F8E5 /* Main.storyboard */ = {
			isa = PBXVariantGroup;
			children = (
				C22D49B71DA8C41100C2F8E5 /* Base */,
			);
			name = Main.storyboard;
			sourceTree = "<group>";
		};
		C22D49BB1DA8C41100C2F8E5 /* LaunchScreen.storyboard */ = {
			isa = PBXVariantGroup;
			children = (
				C22D49BC1DA8C41100C2F8E5 /* Base */,
			);
			name = LaunchScreen.storyboard;
			sourceTree = "<group>";
		};
/* End PBXVariantGroup section */

/* Begin XCBuildConfiguration section */
		C22D49BF1DA8C41100C2F8E5 /* Debug */ = {
			isa = XCBuildConfiguration;
			buildSettings = {
				ALWAYS_SEARCH_USER_PATHS = NO;
				CLANG_ANALYZER_NONNULL = YES;
				CLANG_CXX_LANGUAGE_STANDARD = "gnu++0x";
				CLANG_CXX_LIBRARY = "libc++";
				CLANG_ENABLE_MODULES = YES;
				CLANG_ENABLE_OBJC_ARC = YES;
				CLANG_WARN_BOOL_CONVERSION = YES;
				CLANG_WARN_CONSTANT_CONVERSION = YES;
				CLANG_WARN_DIRECT_OBJC_ISA_USAGE = YES_ERROR;
				CLANG_WARN_DOCUMENTATION_COMMENTS = YES;
				CLANG_WARN_EMPTY_BODY = YES;
				CLANG_WARN_ENUM_CONVERSION = YES;
				CLANG_WARN_INFINITE_RECURSION = YES;
				CLANG_WARN_INT_CONVERSION = YES;
				CLANG_WARN_OBJC_ROOT_CLASS = YES_ERROR;
				CLANG_WARN_SUSPICIOUS_MOVES = YES;
				CLANG_WARN_UNREACHABLE_CODE = YES;
				CLANG_WARN__DUPLICATE_METHOD_MATCH = YES;
				"CODE_SIGN_IDENTITY[sdk=iphoneos*]" = "iPhone Developer";
				COPY_PHASE_STRIP = NO;
				DEBUG_INFORMATION_FORMAT = dwarf;
				ENABLE_STRICT_OBJC_MSGSEND = YES;
				ENABLE_TESTABILITY = YES;
				GCC_C_LANGUAGE_STANDARD = gnu99;
				GCC_DYNAMIC_NO_PIC = NO;
				GCC_NO_COMMON_BLOCKS = YES;
				GCC_OPTIMIZATION_LEVEL = 0;
				GCC_PREPROCESSOR_DEFINITIONS = (
					"DEBUG=1",
					"$(inherited)",
				);
				GCC_WARN_64_TO_32_BIT_CONVERSION = YES;
				GCC_WARN_ABOUT_RETURN_TYPE = YES_ERROR;
				GCC_WARN_UNDECLARED_SELECTOR = YES;
				GCC_WARN_UNINITIALIZED_AUTOS = YES_AGGRESSIVE;
				GCC_WARN_UNUSED_FUNCTION = YES;
				GCC_WARN_UNUSED_VARIABLE = YES;
				IPHONEOS_DEPLOYMENT_TARGET = 10.0;
				MTL_ENABLE_DEBUG_INFO = YES;
				ONLY_ACTIVE_ARCH = YES;
				SDKROOT = iphoneos;
			};
			name = Debug;
		};
		C22D49C01DA8C41100C2F8E5 /* Release */ = {
			isa = XCBuildConfiguration;
			buildSettings = {
				ALWAYS_SEARCH_USER_PATHS = NO;
				CLANG_ANALYZER_NONNULL = YES;
				CLANG_CXX_LANGUAGE_STANDARD = "gnu++0x";
				CLANG_CXX_LIBRARY = "libc++";
				CLANG_ENABLE_MODULES = YES;
				CLANG_ENABLE_OBJC_ARC = YES;
				CLANG_WARN_BOOL_CONVERSION = YES;
				CLANG_WARN_CONSTANT_CONVERSION = YES;
				CLANG_WARN_DIRECT_OBJC_ISA_USAGE = YES_ERROR;
				CLANG_WARN_DOCUMENTATION_COMMENTS = YES;
				CLANG_WARN_EMPTY_BODY = YES;
				CLANG_WARN_ENUM_CONVERSION = YES;
				CLANG_WARN_INFINITE_RECURSION = YES;
				CLANG_WARN_INT_CONVERSION = YES;
				CLANG_WARN_OBJC_ROOT_CLASS = YES_ERROR;
				CLANG_WARN_SUSPICIOUS_MOVES = YES;
				CLANG_WARN_UNREACHABLE_CODE = YES;
				CLANG_WARN__DUPLICATE_METHOD_MATCH = YES;
				"CODE_SIGN_IDENTITY[sdk=iphoneos*]" = "iPhone Developer";
				COPY_PHASE_STRIP = NO;
				DEBUG_INFORMATION_FORMAT = "dwarf-with-dsym";
				ENABLE_NS_ASSERTIONS = NO;
				ENABLE_STRICT_OBJC_MSGSEND = YES;
				GCC_C_LANGUAGE_STANDARD = gnu99;
				GCC_NO_COMMON_BLOCKS = YES;
				GCC_WARN_64_TO_32_BIT_CONVERSION = YES;
				GCC_WARN_ABOUT_RETURN_TYPE = YES_ERROR;
				GCC_WARN_UNDECLARED_SELECTOR = YES;
				GCC_WARN_UNINITIALIZED_AUTOS = YES_AGGRESSIVE;
				GCC_WARN_UNUSED_FUNCTION = YES;
				GCC_WARN_UNUSED_VARIABLE = YES;
				IPHONEOS_DEPLOYMENT_TARGET = 10.0;
				MTL_ENABLE_DEBUG_INFO = NO;
				SDKROOT = iphoneos;
				VALIDATE_PRODUCT = YES;
			};
			name = Release;
		};
		C22D49C21DA8C41100C2F8E5 /* Debug */ = {
			isa = XCBuildConfiguration;
			buildSettings = {
				ASSETCATALOG_COMPILER_APPICON_NAME = AppIcon;
				DEVELOPMENT_TEAM = J9XHDK444E;
				INFOPLIST_FILE = HMNumberStringConvert/Info.plist;
				LD_RUNPATH_SEARCH_PATHS = "$(inherited) @executable_path/Frameworks";
				PRODUCT_BUNDLE_IDENTIFIER = cn.itcast.HMNumberStringConvert;
				PRODUCT_NAME = "$(TARGET_NAME)";
			};
			name = Debug;
		};
		C22D49C31DA8C41100C2F8E5 /* Release */ = {
			isa = XCBuildConfiguration;
			buildSettings = {
				ASSETCATALOG_COMPILER_APPICON_NAME = AppIcon;
				DEVELOPMENT_TEAM = J9XHDK444E;
				INFOPLIST_FILE = HMNumberStringConvert/Info.plist;
				LD_RUNPATH_SEARCH_PATHS = "$(inherited) @executable_path/Frameworks";
				PRODUCT_BUNDLE_IDENTIFIER = cn.itcast.HMNumberStringConvert;
				PRODUCT_NAME = "$(TARGET_NAME)";
			};
			name = Release;
		};
/* End XCBuildConfiguration section */

/* Begin XCConfigurationList section */
		C22D49A51DA8C41100C2F8E5 /* Build configuration list for PBXProject "HMNumberStringConvert" */ = {
			isa = XCConfigurationList;
			buildConfigurations = (
				C22D49BF1DA8C41100C2F8E5 /* Debug */,
				C22D49C01DA8C41100C2F8E5 /* Release */,
			);
			defaultConfigurationIsVisible = 0;
			defaultConfigurationName = Release;
		};
		C22D49C11DA8C41100C2F8E5 /* Build configuration list for PBXNativeTarget "HMNumberStringConvert" */ = {
			isa = XCConfigurationList;
			buildConfigurations = (
				C22D49C21DA8C41100C2F8E5 /* Debug */,
				C22D49C31DA8C41100C2F8E5 /* Release */,
			);
			defaultConfigurationIsVisible = 0;
		};
/* End XCConfigurationList section */
	};
	rootObject = C22D49A21DA8C41100C2F8E5 /* Project object */;
}
